
Microsoft Visual Studio Solution File, Format Version 12.00
# Visual Studio Version 16
VisualStudioVersion = 16.0.31424.327
MinimumVisualStudioVersion = 10.0.40219.1
Project("{FAE04EC0-301F-11D3-BF4B-00C04F79EFBC}") = "ConcurrencyInCSharpCookBookExamples", "ConcurrencyInCSharpCookBookExamples.csproj", "{9B40B2B0-483C-4B46-8EB4-8571504DCE95}"
EndProject
Global
	GlobalSection(SolutionConfigurationPlatforms) = preSolution
		Debug|Any CPU = Debug|Any CPU
		Release|Any CPU = Release|Any CPU
	EndGlobalSection
	GlobalSection(ProjectConfigurationPlatforms) = postSolution
		{9B40B2B0-483C-4B46-8EB4-8571504DCE95}.Debug|Any CPU.ActiveCfg = Debug|Any CPU
		{9B40B2B0-483C-4B46-8EB4-8571504DCE95}.Debug|Any CPU.Build.0 = Debug|Any CPU
		{9B40B2B0-483C-4B46-8EB4-8571504DCE95}.Release|Any CPU.ActiveCfg = Release|Any CPU
		{9B40B2B0-483C-4B46-8EB4-8571504DCE95}.Release|Any CPU.Build.0 = Release|Any CPU
	EndGlobalSection
	GlobalSection(SolutionProperties) = preSolution
		HideSolutionNode = FALSE
	EndGlobalSection
	GlobalSection(ExtensibilityGlobals) = postSolution
		SolutionGuid = {C4F2D19A-4072-47CA-BEF7-5D1787AE82D9}
	EndGlobalSection
EndGlobal
